
Microsoft Visual Studio Solution File, Format Version 12.00
# Visual Studio Version 17
VisualStudioVersion = 17.7.34031.279
MinimumVisualStudioVersion = 10.0.40219.1
Project("{FAE04EC0-301F-11D3-BF4B-00C04F79EFBC}") = "Weather APP", "Weather APP\Weather APP.csproj", "{9808A0FA-D8AD-4830-9CEC-ED47DFACA2DB}"
EndProject
Global
	GlobalSection(SolutionConfigurationPlatforms) = preSolution
		Debug|Any CPU = Debug|Any CPU
		Release|Any CPU = Release|Any CPU
	EndGlobalSection
	GlobalSection(ProjectConfigurationPlatforms) = postSolution
		{9808A0FA-D8AD-4830-9CEC-ED47DFACA2DB}.Debug|Any CPU.ActiveCfg = Debug|Any CPU
		{9808A0FA-D8AD-4830-9CEC-ED47DFACA2DB}.Debug|Any CPU.Build.0 = Debug|Any CPU
		{9808A0FA-D8AD-4830-9CEC-ED47DFACA2DB}.Debug|Any CPU.Deploy.0 = Debug|Any CPU
		{9808A0FA-D8AD-4830-9CEC-ED47DFACA2DB}.Release|Any CPU.ActiveCfg = Release|Any CPU
		{9808A0FA-D8AD-4830-9CEC-ED47DFACA2DB}.Release|Any CPU.Build.0 = Release|Any CPU
		{9808A0FA-D8AD-4830-9CEC-ED47DFACA2DB}.Release|Any CPU.Deploy.0 = Release|Any CPU
	EndGlobalSection
	GlobalSection(SolutionProperties) = preSolution
		HideSolutionNode = FALSE
	EndGlobalSection
	GlobalSection(ExtensibilityGlobals) = postSolution
		SolutionGuid = {A774F1BE-B1E6-45B8-8D68-8298999DDF8F}
	EndGlobalSection
EndGlobal
